// !$*UTF8*$!
{
	archiveVersion = 1;
	classes = {
	};
	objectVersion = 48;
	objects = {

/* Begin PBXBuildFile section */
		CA0D89971F972CEE00184715 /* AppDelegate.m in Sources */ = {isa = PBXBuildFile; fileRef = CA0D89961F972CEE00184715 /* AppDelegate.m */; };
		CA0D899A1F972CEE00184715 /* ViewController.m in Sources */ = {isa = PBXBuildFile; fileRef = CA0D89991F972CEE00184715 /* ViewController.m */; };
		CA0D899D1F972CEE00184715 /* Main.storyboard in Resources */ = {isa = PBXBuildFile; fileRef = CA0D899B1F972CEE00184715 /* Main.storyboard */; };
		CA0D899F1F972CEE00184715 /* Assets.xcassets in Resources */ = {isa = PBXBuildFile; fileRef = CA0D899E1F972CEE00184715 /* Assets.xcassets */; };
		CA0D89A21F972CEE00184715 /* LaunchScreen.storyboard in Resources */ = {isa = PBXBuildFile; fileRef = CA0D89A01F972CEE00184715 /* LaunchScreen.storyboard */; };
		CA0D89A51F972CEE00184715 /* main.m in Sources */ = {isa = PBXBuildFile; fileRef = CA0D89A41F972CEE00184715 /* main.m */; };
		CA0D89AF1F972CEF00184715 /* PJKeyframeAnimationTests.m in Sources */ = {isa = PBXBuildFile; fileRef = CA0D89AE1F972CEF00184715 /* PJKeyframeAnimationTests.m */; };
		CA0D89BA1F972CEF00184715 /* PJKeyframeAnimationUITests.m in Sources */ = {isa = PBXBuildFile; fileRef = CA0D89B91F972CEF00184715 /* PJKeyframeAnimationUITests.m */; };
/* End PBXBuildFile section */

/* Begin PBXContainerItemProxy section */
		CA0D89AB1F972CEF00184715 /* PBXContainerItemProxy */ = {
			isa = PBXContainerItemProxy;
			containerPortal = CA0D898A1F972CEE00184715 /* Project object */;
			proxyType = 1;
			remoteGlobalIDString = CA0D89911F972CEE00184715;
			remoteInfo = PJKeyframeAnimation;
		};
		CA0D89B61F972CEF00184715 /* PBXContainerItemProxy */ = {
			isa = PBXContainerItemProxy;
			containerPortal = CA0D898A1F972CEE00184715 /* Project object */;
			proxyType = 1;
			remoteGlobalIDString = CA0D89911F972CEE00184715;
			remoteInfo = PJKeyframeAnimation;
		};
/* End PBXContainerItemProxy section */

/* Begin PBXFileReference section */
		CA0D89921F972CEE00184715 /* PJKeyframeAnimation.app */ = {isa = PBXFileReference; explicitFileType = wrapper.application; includeInIndex = 0; path = PJKeyframeAnimation.app; sourceTree = BUILT_PRODUCTS_DIR; };
		CA0D89951F972CEE00184715 /* AppDelegate.h */ = {isa = PBXFileReference; lastKnownFileType = sourcecode.c.h; path = AppDelegate.h; sourceTree = "<group>"; };
		CA0D89961F972CEE00184715 /* AppDelegate.m */ = {isa = PBXFileReference; lastKnownFileType = sourcecode.c.objc; path = AppDelegate.m; sourceTree = "<group>"; };
		CA0D89981F972CEE00184715 /* ViewController.h */ = {isa = PBXFileReference; lastKnownFileType = sourcecode.c.h; path = ViewController.h; sourceTree = "<group>"; };
		CA0D89991F972CEE00184715 /* ViewController.m */ = {isa = PBXFileReference; lastKnownFileType = sourcecode.c.objc; path = ViewController.m; sourceTree = "<group>"; };
		CA0D899C1F972CEE00184715 /* Base */ = {isa = PBXFileReference; lastKnownFileType = file.storyboard; name = Base; path = Base.lproj/Main.storyboard; sourceTree = "<group>"; };
		CA0D899E1F972CEE00184715 /* Assets.xcassets */ = {isa = PBXFileReference; lastKnownFileType = folder.assetcatalog; path = Assets.xcassets; sourceTree = "<group>"; };
		CA0D89A11F972CEE00184715 /* Base */ = {isa = PBXFileReference; lastKnownFileType = file.storyboard; name = Base; path = Base.lproj/LaunchScreen.storyboard; sourceTree = "<group>"; };
		CA0D89A31F972CEE00184715 /* Info.plist */ = {isa = PBXFileReference; lastKnownFileType = text.plist.xml; path = Info.plist; sourceTree = "<group>"; };
		CA0D89A41F972CEE00184715 /* main.m */ = {isa = PBXFileReference; lastKnownFileType = sourcecode.c.objc; path = main.m; sourceTree = "<group>"; };
		CA0D89AA1F972CEF00184715 /* PJKeyframeAnimationTests.xctest */ = {isa = PBXFileReference; explicitFileType = wrapper.cfbundle; includeInIndex = 0; path = PJKeyframeAnimationTests.xctest; sourceTree = BUILT_PRODUCTS_DIR; };
		CA0D89AE1F972CEF00184715 /* PJKeyframeAnimationTests.m */ = {isa = PBXFileReference; lastKnownFileType = sourcecode.c.objc; path = PJKeyframeAnimationTests.m; sourceTree = "<group>"; };
		CA0D89B01F972CEF00184715 /* Info.plist */ = {isa = PBXFileReference; lastKnownFileType = text.plist.xml; path = Info.plist; sourceTree = "<group>"; };
		CA0D89B51F972CEF00184715 /* PJKeyframeAnimationUITests.xctest */ = {isa = PBXFileReference; explicitFileType = wrapper.cfbundle; includeInIndex = 0; path = PJKeyframeAnimationUITests.xctest; sourceTree = BUILT_PRODUCTS_DIR; };
		CA0D89B91F972CEF00184715 /* PJKeyframeAnimationUITests.m */ = {isa = PBXFileReference; lastKnownFileType = sourcecode.c.objc; path = PJKeyframeAnimationUITests.m; sourceTree = "<group>"; };
		CA0D89BB1F972CEF00184715 /* Info.plist */ = {isa = PBXFileReference; lastKnownFileType = text.plist.xml; path = Info.plist; sourceTree = "<group>"; };
/* End PBXFileReference section */

/* Begin PBXFrameworksBuildPhase section */
		CA0D898F1F972CEE00184715 /* Frameworks */ = {
			isa = PBXFrameworksBuildPhase;
			buildActionMask = 2147483647;
			files = (
			);
			runOnlyForDeploymentPostprocessing = 0;
		};
		CA0D89A71F972CEF00184715 /* Frameworks */ = {
			isa = PBXFrameworksBuildPhase;
			buildActionMask = 2147483647;
			files = (
			);
			runOnlyForDeploymentPostprocessing = 0;
		};
		CA0D89B21F972CEF00184715 /* Frameworks */ = {
			isa = PBXFrameworksBuildPhase;
			buildActionMask = 2147483647;
			files = (
			);
			runOnlyForDeploymentPostprocessing = 0;
		};
/* End PBXFrameworksBuildPhase section */

/* Begin PBXGroup section */
		CA0D89891F972CEE00184715 = {
			isa = PBXGroup;
			children = (
				CA0D89941F972CEE00184715 /* PJKeyframeAnimation */,
				CA0D89AD1F972CEF00184715 /* PJKeyframeAnimationTests */,
				CA0D89B81F972CEF00184715 /* PJKeyframeAnimationUITests */,
				CA0D89931F972CEE00184715 /* Products */,
			);
			sourceTree = "<group>";
		};
		CA0D89931F972CEE00184715 /* Products */ = {
			isa = PBXGroup;
			children = (
				CA0D89921F972CEE00184715 /* PJKeyframeAnimation.app */,
				CA0D89AA1F972CEF00184715 /* PJKeyframeAnimationTests.xctest */,
				CA0D89B51F972CEF00184715 /* PJKeyframeAnimationUITests.xctest */,
			);
			name = Products;
			sourceTree = "<group>";
		};
		CA0D89941F972CEE00184715 /* PJKeyframeAnimation */ = {
			isa = PBXGroup;
			children = (
				CA0D89951F972CEE00184715 /* AppDelegate.h */,
				CA0D89961F972CEE00184715 /* AppDelegate.m */,
				CA0D89981F972CEE00184715 /* ViewController.h */,
				CA0D89991F972CEE00184715 /* ViewController.m */,
				CA0D899B1F972CEE00184715 /* Main.storyboard */,
				CA0D899E1F972CEE00184715 /* Assets.xcassets */,
				CA0D89A01F972CEE00184715 /* LaunchScreen.storyboard */,
				CA0D89A31F972CEE00184715 /* Info.plist */,
				CA0D89A41F972CEE00184715 /* main.m */,
			);
			path = PJKeyframeAnimation;
			sourceTree = "<group>";
		};
		CA0D89AD1F972CEF00184715 /* PJKeyframeAnimationTests */ = {
			isa = PBXGroup;
			children = (
				CA0D89AE1F972CEF00184715 /* PJKeyframeAnimationTests.m */,
				CA0D89B01F972CEF00184715 /* Info.plist */,
			);
			path = PJKeyframeAnimationTests;
			sourceTree = "<group>";
		};
		CA0D89B81F972CEF00184715 /* PJKeyframeAnimationUITests */ = {
			isa = PBXGroup;
			children = (
				CA0D89B91F972CEF00184715 /* PJKeyframeAnimationUITests.m */,
				CA0D89BB1F972CEF00184715 /* Info.plist */,
			);
			path = PJKeyframeAnimationUITests;
			sourceTree = "<group>";
		};
/* End PBXGroup section */

/* Begin PBXNativeTarget section */
		CA0D89911F972CEE00184715 /* PJKeyframeAnimation */ = {
			isa = PBXNativeTarget;
			buildConfigurationList = CA0D89BE1F972CEF00184715 /* Build configuration list for PBXNativeTarget "PJKeyframeAnimation" */;
			buildPhases = (
				CA0D898E1F972CEE00184715 /* Sources */,
				CA0D898F1F972CEE00184715 /* Frameworks */,
				CA0D89901F972CEE00184715 /* Resources */,
			);
			buildRules = (
			);
			dependencies = (
			);
			name = PJKeyframeAnimation;
			productName = PJKeyframeAnimation;
			productReference = CA0D89921F972CEE00184715 /* PJKeyframeAnimation.app */;
			productType = "com.apple.product-type.application";
		};
		CA0D89A91F972CEF00184715 /* PJKeyframeAnimationTests */ = {
			isa = PBXNativeTarget;
			buildConfigurationList = CA0D89C11F972CEF00184715 /* Build configuration list for PBXNativeTarget "PJKeyframeAnimationTests" */;
			buildPhases = (
				CA0D89A61F972CEF00184715 /* Sources */,
				CA0D89A71F972CEF00184715 /* Frameworks */,
				CA0D89A81F972CEF00184715 /* Resources */,
			);
			buildRules = (
			);
			dependencies = (
				CA0D89AC1F972CEF00184715 /* PBXTargetDependency */,
			);
			name = PJKeyframeAnimationTests;
			productName = PJKeyframeAnimationTests;
			productReference = CA0D89AA1F972CEF00184715 /* PJKeyframeAnimationTests.xctest */;
			productType = "com.apple.product-type.bundle.unit-test";
		};
		CA0D89B41F972CEF00184715 /* PJKeyframeAnimationUITests */ = {
			isa = PBXNativeTarget;
			buildConfigurationList = CA0D89C41F972CEF00184715 /* Build configuration list for PBXNativeTarget "PJKeyframeAnimationUITests" */;
			buildPhases = (
				CA0D89B11F972CEF00184715 /* Sources */,
				CA0D89B21F972CEF00184715 /* Frameworks */,
				CA0D89B31F972CEF00184715 /* Resources */,
			);
			buildRules = (
			);
			dependencies = (
				CA0D89B71F972CEF00184715 /* PBXTargetDependency */,
			);
			name = PJKeyframeAnimationUITests;
			productName = PJKeyframeAnimationUITests;
			productReference = CA0D89B51F972CEF00184715 /* PJKeyframeAnimationUITests.xctest */;
			productType = "com.apple.product-type.bundle.ui-testing";
		};
/* End PBXNativeTarget section */

/* Begin PBXProject section */
		CA0D898A1F972CEE00184715 /* Project object */ = {
			isa = PBXProject;
			attributes = {
				LastUpgradeCheck = 0900;
				ORGANIZATIONNAME = piaojin;
				TargetAttributes = {
					CA0D89911F972CEE00184715 = {
						CreatedOnToolsVersion = 9.0;
						ProvisioningStyle = Automatic;
					};
					CA0D89A91F972CEF00184715 = {
						CreatedOnToolsVersion = 9.0;
						ProvisioningStyle = Automatic;
						TestTargetID = CA0D89911F972CEE00184715;
					};
					CA0D89B41F972CEF00184715 = {
						CreatedOnToolsVersion = 9.0;
						ProvisioningStyle = Automatic;
						TestTargetID = CA0D89911F972CEE00184715;
					};
				};
			};
			buildConfigurationList = CA0D898D1F972CEE00184715 /* Build configuration list for PBXProject "PJKeyframeAnimation" */;
			compatibilityVersion = "Xcode 8.0";
			developmentRegion = en;
			hasScannedForEncodings = 0;
			knownRegions = (
				en,
				Base,
			);
			mainGroup = CA0D89891F972CEE00184715;
			productRefGroup = CA0D89931F972CEE00184715 /* Products */;
			projectDirPath = "";
			projectRoot = "";
			targets = (
				CA0D89911F972CEE00184715 /* PJKeyframeAnimation */,
				CA0D89A91F972CEF00184715 /* PJKeyframeAnimationTests */,
				CA0D89B41F972CEF00184715 /* PJKeyframeAnimationUITests */,
			);
		};
/* End PBXProject section */

/* Begin PBXResourcesBuildPhase section */
		CA0D89901F972CEE00184715 /* Resources */ = {
			isa = PBXResourcesBuildPhase;
			buildActionMask = 2147483647;
			files = (
				CA0D89A21F972CEE00184715 /* LaunchScreen.storyboard in Resources */,
				CA0D899F1F972CEE00184715 /* Assets.xcassets in Resources */,
				CA0D899D1F972CEE00184715 /* Main.storyboard in Resources */,
			);
			runOnlyForDeploymentPostprocessing = 0;
		};
		CA0D89A81F972CEF00184715 /* Resources */ = {
			isa = PBXResourcesBuildPhase;
			buildActionMask = 2147483647;
			files = (
			);
			runOnlyForDeploymentPostprocessing = 0;
		};
		CA0D89B31F972CEF00184715 /* Resources */ = {
			isa = PBXResourcesBuildPhase;
			buildActionMask = 2147483647;
			files = (
			);
			runOnlyForDeploymentPostprocessing = 0;
		};
/* End PBXResourcesBuildPhase section */

/* Begin PBXSourcesBuildPhase section */
		CA0D898E1F972CEE00184715 /* Sources */ = {
			isa = PBXSourcesBuildPhase;
			buildActionMask = 2147483647;
			files = (
				CA0D899A1F972CEE00184715 /* ViewController.m in Sources */,
				CA0D89A51F972CEE00184715 /* main.m in Sources */,
				CA0D89971F972CEE00184715 /* AppDelegate.m in Sources */,
			);
			runOnlyForDeploymentPostprocessing = 0;
		};
		CA0D89A61F972CEF00184715 /* Sources */ = {
			isa = PBXSourcesBuildPhase;
			buildActionMask = 2147483647;
			files = (
				CA0D89AF1F972CEF00184715 /* PJKeyframeAnimationTests.m in Sources */,
			);
			runOnlyForDeploymentPostprocessing = 0;
		};
		CA0D89B11F972CEF00184715 /* Sources */ = {
			isa = PBXSourcesBuildPhase;
			buildActionMask = 2147483647;
			files = (
				CA0D89BA1F972CEF00184715 /* PJKeyframeAnimationUITests.m in Sources */,
			);
			runOnlyForDeploymentPostprocessing = 0;
		};
/* End PBXSourcesBuildPhase section */

/* Begin PBXTargetDependency section */
		CA0D89AC1F972CEF00184715 /* PBXTargetDependency */ = {
			isa = PBXTargetDependency;
			target = CA0D89911F972CEE00184715 /* PJKeyframeAnimation */;
			targetProxy = CA0D89AB1F972CEF00184715 /* PBXContainerItemProxy */;
		};
		CA0D89B71F972CEF00184715 /* PBXTargetDependency */ = {
			isa = PBXTargetDependency;
			target = CA0D89911F972CEE00184715 /* PJKeyframeAnimation */;
			targetProxy = CA0D89B61F972CEF00184715 /* PBXContainerItemProxy */;
		};
/* End PBXTargetDependency section */

/* Begin PBXVariantGroup section */
		CA0D899B1F972CEE00184715 /* Main.storyboard */ = {
			isa = PBXVariantGroup;
			children = (
				CA0D899C1F972CEE00184715 /* Base */,
			);
			name = Main.storyboard;
			sourceTree = "<group>";
		};
		CA0D89A01F972CEE00184715 /* LaunchScreen.storyboard */ = {
			isa = PBXVariantGroup;
			children = (
				CA0D89A11F972CEE00184715 /* Base */,
			);
			name = LaunchScreen.storyboard;
			sourceTree = "<group>";
		};
/* End PBXVariantGroup section */

/* Begin XCBuildConfiguration section */
		CA0D89BC1F972CEF00184715 /* Debug */ = {
			isa = XCBuildConfiguration;
			buildSettings = {
				ALWAYS_SEARCH_USER_PATHS = NO;
				CLANG_ANALYZER_NONNULL = YES;
				CLANG_ANALYZER_NUMBER_OBJECT_CONVERSION = YES_AGGRESSIVE;
				CLANG_CXX_LANGUAGE_STANDARD = "gnu++14";
				CLANG_CXX_LIBRARY = "libc++";
				CLANG_ENABLE_MODULES = YES;
				CLANG_ENABLE_OBJC_ARC = YES;
				CLANG_WARN_BLOCK_CAPTURE_AUTORELEASING = YES;
				CLANG_WARN_BOOL_CONVERSION = YES;
				CLANG_WARN_COMMA = YES;
				CLANG_WARN_CONSTANT_CONVERSION = YES;
				CLANG_WARN_DIRECT_OBJC_ISA_USAGE = YES_ERROR;
				CLANG_WARN_DOCUMENTATION_COMMENTS = YES;
				CLANG_WARN_EMPTY_BODY = YES;
				CLANG_WARN_ENUM_CONVERSION = YES;
				CLANG_WARN_INFINITE_RECURSION = YES;
				CLANG_WARN_INT_CONVERSION = YES;
				CLANG_WARN_NON_LITERAL_NULL_CONVERSION = YES;
				CLANG_WARN_OBJC_LITERAL_CONVERSION = YES;
				CLANG_WARN_OBJC_ROOT_CLASS = YES_ERROR;
				CLANG_WARN_RANGE_LOOP_ANALYSIS = YES;
				CLANG_WARN_STRICT_PROTOTYPES = YES;
				CLANG_WARN_SUSPICIOUS_MOVE = YES;
				CLANG_WARN_UNGUARDED_AVAILABILITY = YES_AGGRESSIVE;
				CLANG_WARN_UNREACHABLE_CODE = YES;
				CLANG_WARN__DUPLICATE_METHOD_MATCH = YES;
				CODE_SIGN_IDENTITY = "iPhone Developer";
				COPY_PHASE_STRIP = NO;
				DEBUG_INFORMATION_FORMAT = dwarf;
				ENABLE_STRICT_OBJC_MSGSEND = YES;
				ENABLE_TESTABILITY = YES;
				GCC_C_LANGUAGE_STANDARD = gnu11;
				GCC_DYNAMIC_NO_PIC = NO;
				GCC_NO_COMMON_BLOCKS = YES;
				GCC_OPTIMIZATION_LEVEL = 0;
				GCC_PREPROCESSOR_DEFINITIONS = (
					"DEBUG=1",
					"$(inherited)",
				);
				GCC_WARN_64_TO_32_BIT_CONVERSION = YES;
				GCC_WARN_ABOUT_RETURN_TYPE = YES_ERROR;
				GCC_WARN_UNDECLARED_SELECTOR = YES;
				GCC_WARN_UNINITIALIZED_AUTOS = YES_AGGRESSIVE;
				GCC_WARN_UNUSED_FUNCTION = YES;
				GCC_WARN_UNUSED_VARIABLE = YES;
				IPHONEOS_DEPLOYMENT_TARGET = 11.0;
				MTL_ENABLE_DEBUG_INFO = YES;
				ONLY_ACTIVE_ARCH = YES;
				SDKROOT = iphoneos;
			};
			name = Debug;
		};
		CA0D89BD1F972CEF00184715 /* Release */ = {
			isa = XCBuildConfiguration;
			buildSettings = {
				ALWAYS_SEARCH_USER_PATHS = NO;
				CLANG_ANALYZER_NONNULL = YES;
				CLANG_ANALYZER_NUMBER_OBJECT_CONVERSION = YES_AGGRESSIVE;
				CLANG_CXX_LANGUAGE_STANDARD = "gnu++14";
				CLANG_CXX_LIBRARY = "libc++";
				CLANG_ENABLE_MODULES = YES;
				CLANG_ENABLE_OBJC_ARC = YES;
				CLANG_WARN_BLOCK_CAPTURE_AUTORELEASING = YES;
				CLANG_WARN_BOOL_CONVERSION = YES;
				CLANG_WARN_COMMA = YES;
				CLANG_WARN_CONSTANT_CONVERSION = YES;
				CLANG_WARN_DIRECT_OBJC_ISA_USAGE = YES_ERROR;
				CLANG_WARN_DOCUMENTATION_COMMENTS = YES;
				CLANG_WARN_EMPTY_BODY = YES;
				CLANG_WARN_ENUM_CONVERSION = YES;
				CLANG_WARN_INFINITE_RECURSION = YES;
				CLANG_WARN_INT_CONVERSION = YES;
				CLANG_WARN_NON_LITERAL_NULL_CONVERSION = YES;
				CLANG_WARN_OBJC_LITERAL_CONVERSION = YES;
				CLANG_WARN_OBJC_ROOT_CLASS = YES_ERROR;
				CLANG_WARN_RANGE_LOOP_ANALYSIS = YES;
				CLANG_WARN_STRICT_PROTOTYPES = YES;
				CLANG_WARN_SUSPICIOUS_MOVE = YES;
				CLANG_WARN_UNGUARDED_AVAILABILITY = YES_AGGRESSIVE;
				CLANG_WARN_UNREACHABLE_CODE = YES;
				CLANG_WARN__DUPLICATE_METHOD_MATCH = YES;
				CODE_SIGN_IDENTITY = "iPhone Developer";
				COPY_PHASE_STRIP = NO;
				DEBUG_INFORMATION_FORMAT = "dwarf-with-dsym";
				ENABLE_NS_ASSERTIONS = NO;
				ENABLE_STRICT_OBJC_MSGSEND = YES;
				GCC_C_LANGUAGE_STANDARD = gnu11;
				GCC_NO_COMMON_BLOCKS = YES;
				GCC_WARN_64_TO_32_BIT_CONVERSION = YES;
				GCC_WARN_ABOUT_RETURN_TYPE = YES_ERROR;
				GCC_WARN_UNDECLARED_SELECTOR = YES;
				GCC_WARN_UNINITIALIZED_AUTOS = YES_AGGRESSIVE;
				GCC_WARN_UNUSED_FUNCTION = YES;
				GCC_WARN_UNUSED_VARIABLE = YES;
				IPHONEOS_DEPLOYMENT_TARGET = 11.0;
				MTL_ENABLE_DEBUG_INFO = NO;
				SDKROOT = iphoneos;
				VALIDATE_PRODUCT = YES;
			};
			name = Release;
		};
		CA0D89BF1F972CEF00184715 /* Debug */ = {
			isa = XCBuildConfiguration;
			buildSettings = {
				ASSETCATALOG_COMPILER_APPICON_NAME = AppIcon;
				CODE_SIGN_STYLE = Automatic;
				INFOPLIST_FILE = PJKeyframeAnimation/Info.plist;
				LD_RUNPATH_SEARCH_PATHS = "$(inherited) @executable_path/Frameworks";
				PRODUCT_BUNDLE_IDENTIFIER = com.piaojin.PJKeyframeAnimation;
				PRODUCT_NAME = "$(TARGET_NAME)";
				TARGETED_DEVICE_FAMILY = "1,2";
			};
			name = Debug;
		};
		CA0D89C01F972CEF00184715 /* Release */ = {
			isa = XCBuildConfiguration;
			buildSettings = {
				ASSETCATALOG_COMPILER_APPICON_NAME = AppIcon;
				CODE_SIGN_STYLE = Automatic;
				INFOPLIST_FILE = PJKeyframeAnimation/Info.plist;
				LD_RUNPATH_SEARCH_PATHS = "$(inherited) @executable_path/Frameworks";
				PRODUCT_BUNDLE_IDENTIFIER = com.piaojin.PJKeyframeAnimation;
				PRODUCT_NAME = "$(TARGET_NAME)";
				TARGETED_DEVICE_FAMILY = "1,2";
			};
			name = Release;
		};
		CA0D89C21F972CEF00184715 /* Debug */ = {
			isa = XCBuildConfiguration;
			buildSettings = {
				BUNDLE_LOADER = "$(TEST_HOST)";
				CODE_SIGN_STYLE = Automatic;
				INFOPLIST_FILE = PJKeyframeAnimationTests/Info.plist;
				LD_RUNPATH_SEARCH_PATHS = "$(inherited) @executable_path/Frameworks @loader_path/Frameworks";
				PRODUCT_BUNDLE_IDENTIFIER = com.piaojin.PJKeyframeAnimationTests;
				PRODUCT_NAME = "$(TARGET_NAME)";
				TARGETED_DEVICE_FAMILY = "1,2";
				TEST_HOST = "$(BUILT_PRODUCTS_DIR)/PJKeyframeAnimation.app/PJKeyframeAnimation";
			};
			name = Debug;
		};
		CA0D89C31F972CEF00184715 /* Release */ = {
			isa = XCBuildConfiguration;
			buildSettings = {
				BUNDLE_LOADER = "$(TEST_HOST)";
				CODE_SIGN_STYLE = Automatic;
				INFOPLIST_FILE = PJKeyframeAnimationTests/Info.plist;
				LD_RUNPATH_SEARCH_PATHS = "$(inherited) @executable_path/Frameworks @loader_path/Frameworks";
				PRODUCT_BUNDLE_IDENTIFIER = com.piaojin.PJKeyframeAnimationTests;
				PRODUCT_NAME = "$(TARGET_NAME)";
				TARGETED_DEVICE_FAMILY = "1,2";
				TEST_HOST = "$(BUILT_PRODUCTS_DIR)/PJKeyframeAnimation.app/PJKeyframeAnimation";
			};
			name = Release;
		};
		CA0D89C51F972CEF00184715 /* Debug */ = {
			isa = XCBuildConfiguration;
			buildSettings = {
				CODE_SIGN_STYLE = Automatic;
				INFOPLIST_FILE = PJKeyframeAnimationUITests/Info.plist;
				LD_RUNPATH_SEARCH_PATHS = "$(inherited) @executable_path/Frameworks @loader_path/Frameworks";
				PRODUCT_BUNDLE_IDENTIFIER = com.piaojin.PJKeyframeAnimationUITests;
				PRODUCT_NAME = "$(TARGET_NAME)";
				TARGETED_DEVICE_FAMILY = "1,2";
				TEST_TARGET_NAME = PJKeyframeAnimation;
			};
			name = Debug;
		};
		CA0D89C61F972CEF00184715 /* Release */ = {
			isa = XCBuildConfiguration;
			buildSettings = {
				CODE_SIGN_STYLE = Automatic;
				INFOPLIST_FILE = PJKeyframeAnimationUITests/Info.plist;
				LD_RUNPATH_SEARCH_PATHS = "$(inherited) @executable_path/Frameworks @loader_path/Frameworks";
				PRODUCT_BUNDLE_IDENTIFIER = com.piaojin.PJKeyframeAnimationUITests;
				PRODUCT_NAME = "$(TARGET_NAME)";
				TARGETED_DEVICE_FAMILY = "1,2";
				TEST_TARGET_NAME = PJKeyframeAnimation;
			};
			name = Release;
		};
/* End XCBuildConfiguration section */

/* Begin XCConfigurationList section */
		CA0D898D1F972CEE00184715 /* Build configuration list for PBXProject "PJKeyframeAnimation" */ = {
			isa = XCConfigurationList;
			buildConfigurations = (
				CA0D89BC1F972CEF00184715 /* Debug */,
				CA0D89BD1F972CEF00184715 /* Release */,
			);
			defaultConfigurationIsVisible = 0;
			defaultConfigurationName = Release;
		};
		CA0D89BE1F972CEF00184715 /* Build configuration list for PBXNativeTarget "PJKeyframeAnimation" */ = {
			isa = XCConfigurationList;
			buildConfigurations = (
				CA0D89BF1F972CEF00184715 /* Debug */,
				CA0D89C01F972CEF00184715 /* Release */,
			);
			defaultConfigurationIsVisible = 0;
			defaultConfigurationName = Release;
		};
		CA0D89C11F972CEF00184715 /* Build configuration list for PBXNativeTarget "PJKeyframeAnimationTests" */ = {
			isa = XCConfigurationList;
			buildConfigurations = (
				CA0D89C21F972CEF00184715 /* Debug */,
				CA0D89C31F972CEF00184715 /* Release */,
			);
			defaultConfigurationIsVisible = 0;
			defaultConfigurationName = Release;
		};
		CA0D89C41F972CEF00184715 /* Build configuration list for PBXNativeTarget "PJKeyframeAnimationUITests" */ = {
			isa = XCConfigurationList;
			buildConfigurations = (
				CA0D89C51F972CEF00184715 /* Debug */,
				CA0D89C61F972CEF00184715 /* Release */,
			);
			defaultConfigurationIsVisible = 0;
			defaultConfigurationName = Release;
		};
/* End XCConfigurationList section */
	};
	rootObject = CA0D898A1F972CEE00184715 /* Project object */;
}
