// !$*UTF8*$!
{
	archiveVersion = 1;
	classes = {
	};
	objectVersion = 48;
	objects = {

/* Begin PBXBuildFile section */
		CA0D89591F9724DF00184715 /* AppDelegate.m in Sources */ = {isa = PBXBuildFile; fileRef = CA0D89581F9724DF00184715 /* AppDelegate.m */; };
		CA0D895C1F9724DF00184715 /* ViewController.m in Sources */ = {isa = PBXBuildFile; fileRef = CA0D895B1F9724DF00184715 /* ViewController.m */; };
		CA0D895F1F9724DF00184715 /* Main.storyboard in Resources */ = {isa = PBXBuildFile; fileRef = CA0D895D1F9724DF00184715 /* Main.storyboard */; };
		CA0D89611F9724DF00184715 /* Assets.xcassets in Resources */ = {isa = PBXBuildFile; fileRef = CA0D89601F9724DF00184715 /* Assets.xcassets */; };
		CA0D89641F9724DF00184715 /* LaunchScreen.storyboard in Resources */ = {isa = PBXBuildFile; fileRef = CA0D89621F9724DF00184715 /* LaunchScreen.storyboard */; };
		CA0D89671F9724DF00184715 /* main.m in Sources */ = {isa = PBXBuildFile; fileRef = CA0D89661F9724DF00184715 /* main.m */; };
		CA0D89711F9724DF00184715 /* PJBaseAnimationTests.m in Sources */ = {isa = PBXBuildFile; fileRef = CA0D89701F9724DF00184715 /* PJBaseAnimationTests.m */; };
		CA0D897C1F9724DF00184715 /* PJBaseAnimationUITests.m in Sources */ = {isa = PBXBuildFile; fileRef = CA0D897B1F9724DF00184715 /* PJBaseAnimationUITests.m */; };
/* End PBXBuildFile section */

/* Begin PBXContainerItemProxy section */
		CA0D896D1F9724DF00184715 /* PBXContainerItemProxy */ = {
			isa = PBXContainerItemProxy;
			containerPortal = CA0D894C1F9724DF00184715 /* Project object */;
			proxyType = 1;
			remoteGlobalIDString = CA0D89531F9724DF00184715;
			remoteInfo = PJBaseAnimation;
		};
		CA0D89781F9724DF00184715 /* PBXContainerItemProxy */ = {
			isa = PBXContainerItemProxy;
			containerPortal = CA0D894C1F9724DF00184715 /* Project object */;
			proxyType = 1;
			remoteGlobalIDString = CA0D89531F9724DF00184715;
			remoteInfo = PJBaseAnimation;
		};
/* End PBXContainerItemProxy section */

/* Begin PBXFileReference section */
		CA0D89541F9724DF00184715 /* PJBaseAnimation.app */ = {isa = PBXFileReference; explicitFileType = wrapper.application; includeInIndex = 0; path = PJBaseAnimation.app; sourceTree = BUILT_PRODUCTS_DIR; };
		CA0D89571F9724DF00184715 /* AppDelegate.h */ = {isa = PBXFileReference; lastKnownFileType = sourcecode.c.h; path = AppDelegate.h; sourceTree = "<group>"; };
		CA0D89581F9724DF00184715 /* AppDelegate.m */ = {isa = PBXFileReference; lastKnownFileType = sourcecode.c.objc; path = AppDelegate.m; sourceTree = "<group>"; };
		CA0D895A1F9724DF00184715 /* ViewController.h */ = {isa = PBXFileReference; lastKnownFileType = sourcecode.c.h; path = ViewController.h; sourceTree = "<group>"; };
		CA0D895B1F9724DF00184715 /* ViewController.m */ = {isa = PBXFileReference; lastKnownFileType = sourcecode.c.objc; path = ViewController.m; sourceTree = "<group>"; };
		CA0D895E1F9724DF00184715 /* Base */ = {isa = PBXFileReference; lastKnownFileType = file.storyboard; name = Base; path = Base.lproj/Main.storyboard; sourceTree = "<group>"; };
		CA0D89601F9724DF00184715 /* Assets.xcassets */ = {isa = PBXFileReference; lastKnownFileType = folder.assetcatalog; path = Assets.xcassets; sourceTree = "<group>"; };
		CA0D89631F9724DF00184715 /* Base */ = {isa = PBXFileReference; lastKnownFileType = file.storyboard; name = Base; path = Base.lproj/LaunchScreen.storyboard; sourceTree = "<group>"; };
		CA0D89651F9724DF00184715 /* Info.plist */ = {isa = PBXFileReference; lastKnownFileType = text.plist.xml; path = Info.plist; sourceTree = "<group>"; };
		CA0D89661F9724DF00184715 /* main.m */ = {isa = PBXFileReference; lastKnownFileType = sourcecode.c.objc; path = main.m; sourceTree = "<group>"; };
		CA0D896C1F9724DF00184715 /* PJBaseAnimationTests.xctest */ = {isa = PBXFileReference; explicitFileType = wrapper.cfbundle; includeInIndex = 0; path = PJBaseAnimationTests.xctest; sourceTree = BUILT_PRODUCTS_DIR; };
		CA0D89701F9724DF00184715 /* PJBaseAnimationTests.m */ = {isa = PBXFileReference; lastKnownFileType = sourcecode.c.objc; path = PJBaseAnimationTests.m; sourceTree = "<group>"; };
		CA0D89721F9724DF00184715 /* Info.plist */ = {isa = PBXFileReference; lastKnownFileType = text.plist.xml; path = Info.plist; sourceTree = "<group>"; };
		CA0D89771F9724DF00184715 /* PJBaseAnimationUITests.xctest */ = {isa = PBXFileReference; explicitFileType = wrapper.cfbundle; includeInIndex = 0; path = PJBaseAnimationUITests.xctest; sourceTree = BUILT_PRODUCTS_DIR; };
		CA0D897B1F9724DF00184715 /* PJBaseAnimationUITests.m */ = {isa = PBXFileReference; lastKnownFileType = sourcecode.c.objc; path = PJBaseAnimationUITests.m; sourceTree = "<group>"; };
		CA0D897D1F9724DF00184715 /* Info.plist */ = {isa = PBXFileReference; lastKnownFileType = text.plist.xml; path = Info.plist; sourceTree = "<group>"; };
/* End PBXFileReference section */

/* Begin PBXFrameworksBuildPhase section */
		CA0D89511F9724DF00184715 /* Frameworks */ = {
			isa = PBXFrameworksBuildPhase;
			buildActionMask = 2147483647;
			files = (
			);
			runOnlyForDeploymentPostprocessing = 0;
		};
		CA0D89691F9724DF00184715 /* Frameworks */ = {
			isa = PBXFrameworksBuildPhase;
			buildActionMask = 2147483647;
			files = (
			);
			runOnlyForDeploymentPostprocessing = 0;
		};
		CA0D89741F9724DF00184715 /* Frameworks */ = {
			isa = PBXFrameworksBuildPhase;
			buildActionMask = 2147483647;
			files = (
			);
			runOnlyForDeploymentPostprocessing = 0;
		};
/* End PBXFrameworksBuildPhase section */

/* Begin PBXGroup section */
		CA0D894B1F9724DF00184715 = {
			isa = PBXGroup;
			children = (
				CA0D89561F9724DF00184715 /* PJBaseAnimation */,
				CA0D896F1F9724DF00184715 /* PJBaseAnimationTests */,
				CA0D897A1F9724DF00184715 /* PJBaseAnimationUITests */,
				CA0D89551F9724DF00184715 /* Products */,
			);
			sourceTree = "<group>";
		};
		CA0D89551F9724DF00184715 /* Products */ = {
			isa = PBXGroup;
			children = (
				CA0D89541F9724DF00184715 /* PJBaseAnimation.app */,
				CA0D896C1F9724DF00184715 /* PJBaseAnimationTests.xctest */,
				CA0D89771F9724DF00184715 /* PJBaseAnimationUITests.xctest */,
			);
			name = Products;
			sourceTree = "<group>";
		};
		CA0D89561F9724DF00184715 /* PJBaseAnimation */ = {
			isa = PBXGroup;
			children = (
				CA0D89571F9724DF00184715 /* AppDelegate.h */,
				CA0D89581F9724DF00184715 /* AppDelegate.m */,
				CA0D895A1F9724DF00184715 /* ViewController.h */,
				CA0D895B1F9724DF00184715 /* ViewController.m */,
				CA0D895D1F9724DF00184715 /* Main.storyboard */,
				CA0D89601F9724DF00184715 /* Assets.xcassets */,
				CA0D89621F9724DF00184715 /* LaunchScreen.storyboard */,
				CA0D89651F9724DF00184715 /* Info.plist */,
				CA0D89661F9724DF00184715 /* main.m */,
			);
			path = PJBaseAnimation;
			sourceTree = "<group>";
		};
		CA0D896F1F9724DF00184715 /* PJBaseAnimationTests */ = {
			isa = PBXGroup;
			children = (
				CA0D89701F9724DF00184715 /* PJBaseAnimationTests.m */,
				CA0D89721F9724DF00184715 /* Info.plist */,
			);
			path = PJBaseAnimationTests;
			sourceTree = "<group>";
		};
		CA0D897A1F9724DF00184715 /* PJBaseAnimationUITests */ = {
			isa = PBXGroup;
			children = (
				CA0D897B1F9724DF00184715 /* PJBaseAnimationUITests.m */,
				CA0D897D1F9724DF00184715 /* Info.plist */,
			);
			path = PJBaseAnimationUITests;
			sourceTree = "<group>";
		};
/* End PBXGroup section */

/* Begin PBXNativeTarget section */
		CA0D89531F9724DF00184715 /* PJBaseAnimation */ = {
			isa = PBXNativeTarget;
			buildConfigurationList = CA0D89801F9724DF00184715 /* Build configuration list for PBXNativeTarget "PJBaseAnimation" */;
			buildPhases = (
				CA0D89501F9724DF00184715 /* Sources */,
				CA0D89511F9724DF00184715 /* Frameworks */,
				CA0D89521F9724DF00184715 /* Resources */,
			);
			buildRules = (
			);
			dependencies = (
			);
			name = PJBaseAnimation;
			productName = PJBaseAnimation;
			productReference = CA0D89541F9724DF00184715 /* PJBaseAnimation.app */;
			productType = "com.apple.product-type.application";
		};
		CA0D896B1F9724DF00184715 /* PJBaseAnimationTests */ = {
			isa = PBXNativeTarget;
			buildConfigurationList = CA0D89831F9724DF00184715 /* Build configuration list for PBXNativeTarget "PJBaseAnimationTests" */;
			buildPhases = (
				CA0D89681F9724DF00184715 /* Sources */,
				CA0D89691F9724DF00184715 /* Frameworks */,
				CA0D896A1F9724DF00184715 /* Resources */,
			);
			buildRules = (
			);
			dependencies = (
				CA0D896E1F9724DF00184715 /* PBXTargetDependency */,
			);
			name = PJBaseAnimationTests;
			productName = PJBaseAnimationTests;
			productReference = CA0D896C1F9724DF00184715 /* PJBaseAnimationTests.xctest */;
			productType = "com.apple.product-type.bundle.unit-test";
		};
		CA0D89761F9724DF00184715 /* PJBaseAnimationUITests */ = {
			isa = PBXNativeTarget;
			buildConfigurationList = CA0D89861F9724DF00184715 /* Build configuration list for PBXNativeTarget "PJBaseAnimationUITests" */;
			buildPhases = (
				CA0D89731F9724DF00184715 /* Sources */,
				CA0D89741F9724DF00184715 /* Frameworks */,
				CA0D89751F9724DF00184715 /* Resources */,
			);
			buildRules = (
			);
			dependencies = (
				CA0D89791F9724DF00184715 /* PBXTargetDependency */,
			);
			name = PJBaseAnimationUITests;
			productName = PJBaseAnimationUITests;
			productReference = CA0D89771F9724DF00184715 /* PJBaseAnimationUITests.xctest */;
			productType = "com.apple.product-type.bundle.ui-testing";
		};
/* End PBXNativeTarget section */

/* Begin PBXProject section */
		CA0D894C1F9724DF00184715 /* Project object */ = {
			isa = PBXProject;
			attributes = {
				LastUpgradeCheck = 0900;
				ORGANIZATIONNAME = piaojin;
				TargetAttributes = {
					CA0D89531F9724DF00184715 = {
						CreatedOnToolsVersion = 9.0;
						ProvisioningStyle = Automatic;
					};
					CA0D896B1F9724DF00184715 = {
						CreatedOnToolsVersion = 9.0;
						ProvisioningStyle = Automatic;
						TestTargetID = CA0D89531F9724DF00184715;
					};
					CA0D89761F9724DF00184715 = {
						CreatedOnToolsVersion = 9.0;
						ProvisioningStyle = Automatic;
						TestTargetID = CA0D89531F9724DF00184715;
					};
				};
			};
			buildConfigurationList = CA0D894F1F9724DF00184715 /* Build configuration list for PBXProject "PJBaseAnimation" */;
			compatibilityVersion = "Xcode 8.0";
			developmentRegion = en;
			hasScannedForEncodings = 0;
			knownRegions = (
				en,
				Base,
			);
			mainGroup = CA0D894B1F9724DF00184715;
			productRefGroup = CA0D89551F9724DF00184715 /* Products */;
			projectDirPath = "";
			projectRoot = "";
			targets = (
				CA0D89531F9724DF00184715 /* PJBaseAnimation */,
				CA0D896B1F9724DF00184715 /* PJBaseAnimationTests */,
				CA0D89761F9724DF00184715 /* PJBaseAnimationUITests */,
			);
		};
/* End PBXProject section */

/* Begin PBXResourcesBuildPhase section */
		CA0D89521F9724DF00184715 /* Resources */ = {
			isa = PBXResourcesBuildPhase;
			buildActionMask = 2147483647;
			files = (
				CA0D89641F9724DF00184715 /* LaunchScreen.storyboard in Resources */,
				CA0D89611F9724DF00184715 /* Assets.xcassets in Resources */,
				CA0D895F1F9724DF00184715 /* Main.storyboard in Resources */,
			);
			runOnlyForDeploymentPostprocessing = 0;
		};
		CA0D896A1F9724DF00184715 /* Resources */ = {
			isa = PBXResourcesBuildPhase;
			buildActionMask = 2147483647;
			files = (
			);
			runOnlyForDeploymentPostprocessing = 0;
		};
		CA0D89751F9724DF00184715 /* Resources */ = {
			isa = PBXResourcesBuildPhase;
			buildActionMask = 2147483647;
			files = (
			);
			runOnlyForDeploymentPostprocessing = 0;
		};
/* End PBXResourcesBuildPhase section */

/* Begin PBXSourcesBuildPhase section */
		CA0D89501F9724DF00184715 /* Sources */ = {
			isa = PBXSourcesBuildPhase;
			buildActionMask = 2147483647;
			files = (
				CA0D895C1F9724DF00184715 /* ViewController.m in Sources */,
				CA0D89671F9724DF00184715 /* main.m in Sources */,
				CA0D89591F9724DF00184715 /* AppDelegate.m in Sources */,
			);
			runOnlyForDeploymentPostprocessing = 0;
		};
		CA0D89681F9724DF00184715 /* Sources */ = {
			isa = PBXSourcesBuildPhase;
			buildActionMask = 2147483647;
			files = (
				CA0D89711F9724DF00184715 /* PJBaseAnimationTests.m in Sources */,
			);
			runOnlyForDeploymentPostprocessing = 0;
		};
		CA0D89731F9724DF00184715 /* Sources */ = {
			isa = PBXSourcesBuildPhase;
			buildActionMask = 2147483647;
			files = (
				CA0D897C1F9724DF00184715 /* PJBaseAnimationUITests.m in Sources */,
			);
			runOnlyForDeploymentPostprocessing = 0;
		};
/* End PBXSourcesBuildPhase section */

/* Begin PBXTargetDependency section */
		CA0D896E1F9724DF00184715 /* PBXTargetDependency */ = {
			isa = PBXTargetDependency;
			target = CA0D89531F9724DF00184715 /* PJBaseAnimation */;
			targetProxy = CA0D896D1F9724DF00184715 /* PBXContainerItemProxy */;
		};
		CA0D89791F9724DF00184715 /* PBXTargetDependency */ = {
			isa = PBXTargetDependency;
			target = CA0D89531F9724DF00184715 /* PJBaseAnimation */;
			targetProxy = CA0D89781F9724DF00184715 /* PBXContainerItemProxy */;
		};
/* End PBXTargetDependency section */

/* Begin PBXVariantGroup section */
		CA0D895D1F9724DF00184715 /* Main.storyboard */ = {
			isa = PBXVariantGroup;
			children = (
				CA0D895E1F9724DF00184715 /* Base */,
			);
			name = Main.storyboard;
			sourceTree = "<group>";
		};
		CA0D89621F9724DF00184715 /* LaunchScreen.storyboard */ = {
			isa = PBXVariantGroup;
			children = (
				CA0D89631F9724DF00184715 /* Base */,
			);
			name = LaunchScreen.storyboard;
			sourceTree = "<group>";
		};
/* End PBXVariantGroup section */

/* Begin XCBuildConfiguration section */
		CA0D897E1F9724DF00184715 /* Debug */ = {
			isa = XCBuildConfiguration;
			buildSettings = {
				ALWAYS_SEARCH_USER_PATHS = NO;
				CLANG_ANALYZER_NONNULL = YES;
				CLANG_ANALYZER_NUMBER_OBJECT_CONVERSION = YES_AGGRESSIVE;
				CLANG_CXX_LANGUAGE_STANDARD = "gnu++14";
				CLANG_CXX_LIBRARY = "libc++";
				CLANG_ENABLE_MODULES = YES;
				CLANG_ENABLE_OBJC_ARC = YES;
				CLANG_WARN_BLOCK_CAPTURE_AUTORELEASING = YES;
				CLANG_WARN_BOOL_CONVERSION = YES;
				CLANG_WARN_COMMA = YES;
				CLANG_WARN_CONSTANT_CONVERSION = YES;
				CLANG_WARN_DIRECT_OBJC_ISA_USAGE = YES_ERROR;
				CLANG_WARN_DOCUMENTATION_COMMENTS = YES;
				CLANG_WARN_EMPTY_BODY = YES;
				CLANG_WARN_ENUM_CONVERSION = YES;
				CLANG_WARN_INFINITE_RECURSION = YES;
				CLANG_WARN_INT_CONVERSION = YES;
				CLANG_WARN_NON_LITERAL_NULL_CONVERSION = YES;
				CLANG_WARN_OBJC_LITERAL_CONVERSION = YES;
				CLANG_WARN_OBJC_ROOT_CLASS = YES_ERROR;
				CLANG_WARN_RANGE_LOOP_ANALYSIS = YES;
				CLANG_WARN_STRICT_PROTOTYPES = YES;
				CLANG_WARN_SUSPICIOUS_MOVE = YES;
				CLANG_WARN_UNGUARDED_AVAILABILITY = YES_AGGRESSIVE;
				CLANG_WARN_UNREACHABLE_CODE = YES;
				CLANG_WARN__DUPLICATE_METHOD_MATCH = YES;
				CODE_SIGN_IDENTITY = "iPhone Developer";
				COPY_PHASE_STRIP = NO;
				DEBUG_INFORMATION_FORMAT = dwarf;
				ENABLE_STRICT_OBJC_MSGSEND = YES;
				ENABLE_TESTABILITY = YES;
				GCC_C_LANGUAGE_STANDARD = gnu11;
				GCC_DYNAMIC_NO_PIC = NO;
				GCC_NO_COMMON_BLOCKS = YES;
				GCC_OPTIMIZATION_LEVEL = 0;
				GCC_PREPROCESSOR_DEFINITIONS = (
					"DEBUG=1",
					"$(inherited)",
				);
				GCC_WARN_64_TO_32_BIT_CONVERSION = YES;
				GCC_WARN_ABOUT_RETURN_TYPE = YES_ERROR;
				GCC_WARN_UNDECLARED_SELECTOR = YES;
				GCC_WARN_UNINITIALIZED_AUTOS = YES_AGGRESSIVE;
				GCC_WARN_UNUSED_FUNCTION = YES;
				GCC_WARN_UNUSED_VARIABLE = YES;
				IPHONEOS_DEPLOYMENT_TARGET = 11.0;
				MTL_ENABLE_DEBUG_INFO = YES;
				ONLY_ACTIVE_ARCH = YES;
				SDKROOT = iphoneos;
			};
			name = Debug;
		};
		CA0D897F1F9724DF00184715 /* Release */ = {
			isa = XCBuildConfiguration;
			buildSettings = {
				ALWAYS_SEARCH_USER_PATHS = NO;
				CLANG_ANALYZER_NONNULL = YES;
				CLANG_ANALYZER_NUMBER_OBJECT_CONVERSION = YES_AGGRESSIVE;
				CLANG_CXX_LANGUAGE_STANDARD = "gnu++14";
				CLANG_CXX_LIBRARY = "libc++";
				CLANG_ENABLE_MODULES = YES;
				CLANG_ENABLE_OBJC_ARC = YES;
				CLANG_WARN_BLOCK_CAPTURE_AUTORELEASING = YES;
				CLANG_WARN_BOOL_CONVERSION = YES;
				CLANG_WARN_COMMA = YES;
				CLANG_WARN_CONSTANT_CONVERSION = YES;
				CLANG_WARN_DIRECT_OBJC_ISA_USAGE = YES_ERROR;
				CLANG_WARN_DOCUMENTATION_COMMENTS = YES;
				CLANG_WARN_EMPTY_BODY = YES;
				CLANG_WARN_ENUM_CONVERSION = YES;
				CLANG_WARN_INFINITE_RECURSION = YES;
				CLANG_WARN_INT_CONVERSION = YES;
				CLANG_WARN_NON_LITERAL_NULL_CONVERSION = YES;
				CLANG_WARN_OBJC_LITERAL_CONVERSION = YES;
				CLANG_WARN_OBJC_ROOT_CLASS = YES_ERROR;
				CLANG_WARN_RANGE_LOOP_ANALYSIS = YES;
				CLANG_WARN_STRICT_PROTOTYPES = YES;
				CLANG_WARN_SUSPICIOUS_MOVE = YES;
				CLANG_WARN_UNGUARDED_AVAILABILITY = YES_AGGRESSIVE;
				CLANG_WARN_UNREACHABLE_CODE = YES;
				CLANG_WARN__DUPLICATE_METHOD_MATCH = YES;
				CODE_SIGN_IDENTITY = "iPhone Developer";
				COPY_PHASE_STRIP = NO;
				DEBUG_INFORMATION_FORMAT = "dwarf-with-dsym";
				ENABLE_NS_ASSERTIONS = NO;
				ENABLE_STRICT_OBJC_MSGSEND = YES;
				GCC_C_LANGUAGE_STANDARD = gnu11;
				GCC_NO_COMMON_BLOCKS = YES;
				GCC_WARN_64_TO_32_BIT_CONVERSION = YES;
				GCC_WARN_ABOUT_RETURN_TYPE = YES_ERROR;
				GCC_WARN_UNDECLARED_SELECTOR = YES;
				GCC_WARN_UNINITIALIZED_AUTOS = YES_AGGRESSIVE;
				GCC_WARN_UNUSED_FUNCTION = YES;
				GCC_WARN_UNUSED_VARIABLE = YES;
				IPHONEOS_DEPLOYMENT_TARGET = 11.0;
				MTL_ENABLE_DEBUG_INFO = NO;
				SDKROOT = iphoneos;
				VALIDATE_PRODUCT = YES;
			};
			name = Release;
		};
		CA0D89811F9724DF00184715 /* Debug */ = {
			isa = XCBuildConfiguration;
			buildSettings = {
				ASSETCATALOG_COMPILER_APPICON_NAME = AppIcon;
				CODE_SIGN_STYLE = Automatic;
				INFOPLIST_FILE = PJBaseAnimation/Info.plist;
				LD_RUNPATH_SEARCH_PATHS = "$(inherited) @executable_path/Frameworks";
				PRODUCT_BUNDLE_IDENTIFIER = com.piaojin.PJBaseAnimation;
				PRODUCT_NAME = "$(TARGET_NAME)";
				TARGETED_DEVICE_FAMILY = "1,2";
			};
			name = Debug;
		};
		CA0D89821F9724DF00184715 /* Release */ = {
			isa = XCBuildConfiguration;
			buildSettings = {
				ASSETCATALOG_COMPILER_APPICON_NAME = AppIcon;
				CODE_SIGN_STYLE = Automatic;
				INFOPLIST_FILE = PJBaseAnimation/Info.plist;
				LD_RUNPATH_SEARCH_PATHS = "$(inherited) @executable_path/Frameworks";
				PRODUCT_BUNDLE_IDENTIFIER = com.piaojin.PJBaseAnimation;
				PRODUCT_NAME = "$(TARGET_NAME)";
				TARGETED_DEVICE_FAMILY = "1,2";
			};
			name = Release;
		};
		CA0D89841F9724DF00184715 /* Debug */ = {
			isa = XCBuildConfiguration;
			buildSettings = {
				BUNDLE_LOADER = "$(TEST_HOST)";
				CODE_SIGN_STYLE = Automatic;
				INFOPLIST_FILE = PJBaseAnimationTests/Info.plist;
				LD_RUNPATH_SEARCH_PATHS = "$(inherited) @executable_path/Frameworks @loader_path/Frameworks";
				PRODUCT_BUNDLE_IDENTIFIER = com.piaojin.PJBaseAnimationTests;
				PRODUCT_NAME = "$(TARGET_NAME)";
				TARGETED_DEVICE_FAMILY = "1,2";
				TEST_HOST = "$(BUILT_PRODUCTS_DIR)/PJBaseAnimation.app/PJBaseAnimation";
			};
			name = Debug;
		};
		CA0D89851F9724DF00184715 /* Release */ = {
			isa = XCBuildConfiguration;
			buildSettings = {
				BUNDLE_LOADER = "$(TEST_HOST)";
				CODE_SIGN_STYLE = Automatic;
				INFOPLIST_FILE = PJBaseAnimationTests/Info.plist;
				LD_RUNPATH_SEARCH_PATHS = "$(inherited) @executable_path/Frameworks @loader_path/Frameworks";
				PRODUCT_BUNDLE_IDENTIFIER = com.piaojin.PJBaseAnimationTests;
				PRODUCT_NAME = "$(TARGET_NAME)";
				TARGETED_DEVICE_FAMILY = "1,2";
				TEST_HOST = "$(BUILT_PRODUCTS_DIR)/PJBaseAnimation.app/PJBaseAnimation";
			};
			name = Release;
		};
		CA0D89871F9724DF00184715 /* Debug */ = {
			isa = XCBuildConfiguration;
			buildSettings = {
				CODE_SIGN_STYLE = Automatic;
				INFOPLIST_FILE = PJBaseAnimationUITests/Info.plist;
				LD_RUNPATH_SEARCH_PATHS = "$(inherited) @executable_path/Frameworks @loader_path/Frameworks";
				PRODUCT_BUNDLE_IDENTIFIER = com.piaojin.PJBaseAnimationUITests;
				PRODUCT_NAME = "$(TARGET_NAME)";
				TARGETED_DEVICE_FAMILY = "1,2";
				TEST_TARGET_NAME = PJBaseAnimation;
			};
			name = Debug;
		};
		CA0D89881F9724DF00184715 /* Release */ = {
			isa = XCBuildConfiguration;
			buildSettings = {
				CODE_SIGN_STYLE = Automatic;
				INFOPLIST_FILE = PJBaseAnimationUITests/Info.plist;
				LD_RUNPATH_SEARCH_PATHS = "$(inherited) @executable_path/Frameworks @loader_path/Frameworks";
				PRODUCT_BUNDLE_IDENTIFIER = com.piaojin.PJBaseAnimationUITests;
				PRODUCT_NAME = "$(TARGET_NAME)";
				TARGETED_DEVICE_FAMILY = "1,2";
				TEST_TARGET_NAME = PJBaseAnimation;
			};
			name = Release;
		};
/* End XCBuildConfiguration section */

/* Begin XCConfigurationList section */
		CA0D894F1F9724DF00184715 /* Build configuration list for PBXProject "PJBaseAnimation" */ = {
			isa = XCConfigurationList;
			buildConfigurations = (
				CA0D897E1F9724DF00184715 /* Debug */,
				CA0D897F1F9724DF00184715 /* Release */,
			);
			defaultConfigurationIsVisible = 0;
			defaultConfigurationName = Release;
		};
		CA0D89801F9724DF00184715 /* Build configuration list for PBXNativeTarget "PJBaseAnimation" */ = {
			isa = XCConfigurationList;
			buildConfigurations = (
				CA0D89811F9724DF00184715 /* Debug */,
				CA0D89821F9724DF00184715 /* Release */,
			);
			defaultConfigurationIsVisible = 0;
			defaultConfigurationName = Release;
		};
		CA0D89831F9724DF00184715 /* Build configuration list for PBXNativeTarget "PJBaseAnimationTests" */ = {
			isa = XCConfigurationList;
			buildConfigurations = (
				CA0D89841F9724DF00184715 /* Debug */,
				CA0D89851F9724DF00184715 /* Release */,
			);
			defaultConfigurationIsVisible = 0;
			defaultConfigurationName = Release;
		};
		CA0D89861F9724DF00184715 /* Build configuration list for PBXNativeTarget "PJBaseAnimationUITests" */ = {
			isa = XCConfigurationList;
			buildConfigurations = (
				CA0D89871F9724DF00184715 /* Debug */,
				CA0D89881F9724DF00184715 /* Release */,
			);
			defaultConfigurationIsVisible = 0;
			defaultConfigurationName = Release;
		};
/* End XCConfigurationList section */
	};
	rootObject = CA0D894C1F9724DF00184715 /* Project object */;
}
